// !$*UTF8*$!
{
	archiveVersion = 1;
	classes = {
	};
	objectVersion = 50;
	objects = {

/* Begin PBXBuildFile section */
		1F3A1A54F9DACB9ECB32A88D /* Pods_PhotoShare.framework in Frameworks */ = {isa = PBXBuildFile; fileRef = 168462321DD6D447CA998D93 /* Pods_PhotoShare.framework */; };
		69A3FDE4219D6B9200B94A50 /* AppDelegate.swift in Sources */ = {isa = PBXBuildFile; fileRef = 69A3FDE3219D6B9200B94A50 /* AppDelegate.swift */; };
		69A3FDE6219D6B9200B94A50 /* ViewController.swift in Sources */ = {isa = PBXBuildFile; fileRef = 69A3FDE5219D6B9200B94A50 /* ViewController.swift */; };
		69A3FDE9219D6B9200B94A50 /* Main.storyboard in Resources */ = {isa = PBXBuildFile; fileRef = 69A3FDE7219D6B9200B94A50 /* Main.storyboard */; };
		69A3FDEB219D6BA100B94A50 /* Assets.xcassets in Resources */ = {isa = PBXBuildFile; fileRef = 69A3FDEA219D6BA100B94A50 /* Assets.xcassets */; };
		69A3FDEE219D6BA100B94A50 /* LaunchScreen.storyboard in Resources */ = {isa = PBXBuildFile; fileRef = 69A3FDEC219D6BA100B94A50 /* LaunchScreen.storyboard */; };
		69A3FDF9219D6BA200B94A50 /* PhotoShareTests.swift in Sources */ = {isa = PBXBuildFile; fileRef = 69A3FDF8219D6BA200B94A50 /* PhotoShareTests.swift */; };
		69A3FE04219D6DD900B94A50 /* GoogleService-Info.plist in Resources */ = {isa = PBXBuildFile; fileRef = 69A3FE03219D6DD900B94A50 /* GoogleService-Info.plist */; };
		CF965E0A64FE82DBB9A8A230 /* Pods_PhotoShareTests.framework in Frameworks */ = {isa = PBXBuildFile; fileRef = 6CC1327B9FBC4664AAABBE3E /* Pods_PhotoShareTests.framework */; };
/* End PBXBuildFile section */

/* Begin PBXContainerItemProxy section */
		69A3FDF5219D6BA200B94A50 /* PBXContainerItemProxy */ = {
			isa = PBXContainerItemProxy;
			containerPortal = 69A3FDD8219D6B9200B94A50 /* Project object */;
			proxyType = 1;
			remoteGlobalIDString = 69A3FDDF219D6B9200B94A50;
			remoteInfo = PhotoShare;
		};
/* End PBXContainerItemProxy section */

/* Begin PBXFileReference section */
		168462321DD6D447CA998D93 /* Pods_PhotoShare.framework */ = {isa = PBXFileReference; explicitFileType = wrapper.framework; includeInIndex = 0; path = Pods_PhotoShare.framework; sourceTree = BUILT_PRODUCTS_DIR; };
		601EF5E568CB7A4E4E5A049E /* Pods-PhotoShareTests.debug.xcconfig */ = {isa = PBXFileReference; includeInIndex = 1; lastKnownFileType = text.xcconfig; name = "Pods-PhotoShareTests.debug.xcconfig"; path = "Pods/Target Support Files/Pods-PhotoShareTests/Pods-PhotoShareTests.debug.xcconfig"; sourceTree = "<group>"; };
		64082A9F3D879DB4D47E9790 /* Pods-PhotoShare.release.xcconfig */ = {isa = PBXFileReference; includeInIndex = 1; lastKnownFileType = text.xcconfig; name = "Pods-PhotoShare.release.xcconfig"; path = "Pods/Target Support Files/Pods-PhotoShare/Pods-PhotoShare.release.xcconfig"; sourceTree = "<group>"; };
		69A3FDE0219D6B9200B94A50 /* PhotoShare.app */ = {isa = PBXFileReference; explicitFileType = wrapper.application; includeInIndex = 0; path = PhotoShare.app; sourceTree = BUILT_PRODUCTS_DIR; };
		69A3FDE3219D6B9200B94A50 /* AppDelegate.swift */ = {isa = PBXFileReference; lastKnownFileType = sourcecode.swift; path = AppDelegate.swift; sourceTree = "<group>"; };
		69A3FDE5219D6B9200B94A50 /* ViewController.swift */ = {isa = PBXFileReference; lastKnownFileType = sourcecode.swift; path = ViewController.swift; sourceTree = "<group>"; };
		69A3FDE8219D6B9200B94A50 /* Base */ = {isa = PBXFileReference; lastKnownFileType = file.storyboard; name = Base; path = Base.lproj/Main.storyboard; sourceTree = "<group>"; };
		69A3FDEA219D6BA100B94A50 /* Assets.xcassets */ = {isa = PBXFileReference; lastKnownFileType = folder.assetcatalog; path = Assets.xcassets; sourceTree = "<group>"; };
		69A3FDED219D6BA100B94A50 /* Base */ = {isa = PBXFileReference; lastKnownFileType = file.storyboard; name = Base; path = Base.lproj/LaunchScreen.storyboard; sourceTree = "<group>"; };
		69A3FDEF219D6BA100B94A50 /* Info.plist */ = {isa = PBXFileReference; lastKnownFileType = text.plist.xml; path = Info.plist; sourceTree = "<group>"; };
		69A3FDF4219D6BA200B94A50 /* PhotoShareTests.xctest */ = {isa = PBXFileReference; explicitFileType = wrapper.cfbundle; includeInIndex = 0; path = PhotoShareTests.xctest; sourceTree = BUILT_PRODUCTS_DIR; };
		69A3FDF8219D6BA200B94A50 /* PhotoShareTests.swift */ = {isa = PBXFileReference; lastKnownFileType = sourcecode.swift; path = PhotoShareTests.swift; sourceTree = "<group>"; };
		69A3FDFA219D6BA200B94A50 /* Info.plist */ = {isa = PBXFileReference; lastKnownFileType = text.plist.xml; path = Info.plist; sourceTree = "<group>"; };
		69A3FE03219D6DD900B94A50 /* GoogleService-Info.plist */ = {isa = PBXFileReference; fileEncoding = 4; lastKnownFileType = text.plist.xml; path = "GoogleService-Info.plist"; sourceTree = "<group>"; };
		6CC1327B9FBC4664AAABBE3E /* Pods_PhotoShareTests.framework */ = {isa = PBXFileReference; explicitFileType = wrapper.framework; includeInIndex = 0; path = Pods_PhotoShareTests.framework; sourceTree = BUILT_PRODUCTS_DIR; };
		A5EB3ECA3DDFBF92B7F4F1B5 /* Pods-PhotoShareTests.release.xcconfig */ = {isa = PBXFileReference; includeInIndex = 1; lastKnownFileType = text.xcconfig; name = "Pods-PhotoShareTests.release.xcconfig"; path = "Pods/Target Support Files/Pods-PhotoShareTests/Pods-PhotoShareTests.release.xcconfig"; sourceTree = "<group>"; };
		C3280EADBAE309EE8B60AB0B /* Pods-PhotoShare.debug.xcconfig */ = {isa = PBXFileReference; includeInIndex = 1; lastKnownFileType = text.xcconfig; name = "Pods-PhotoShare.debug.xcconfig"; path = "Pods/Target Support Files/Pods-PhotoShare/Pods-PhotoShare.debug.xcconfig"; sourceTree = "<group>"; };
/* End PBXFileReference section */

/* Begin PBXFrameworksBuildPhase section */
		69A3FDDD219D6B9200B94A50 /* Frameworks */ = {
			isa = PBXFrameworksBuildPhase;
			buildActionMask = 2147483647;
			files = (
				1F3A1A54F9DACB9ECB32A88D /* Pods_PhotoShare.framework in Frameworks */,
			);
			runOnlyForDeploymentPostprocessing = 0;
		};
		69A3FDF1219D6BA200B94A50 /* Frameworks */ = {
			isa = PBXFrameworksBuildPhase;
			buildActionMask = 2147483647;
			files = (
				CF965E0A64FE82DBB9A8A230 /* Pods_PhotoShareTests.framework in Frameworks */,
			);
			runOnlyForDeploymentPostprocessing = 0;
		};
/* End PBXFrameworksBuildPhase section */

/* Begin PBXGroup section */
		18FC4004BC4BB01F3C8D331B /* Frameworks */ = {
			isa = PBXGroup;
			children = (
				168462321DD6D447CA998D93 /* Pods_PhotoShare.framework */,
				6CC1327B9FBC4664AAABBE3E /* Pods_PhotoShareTests.framework */,
			);
			name = Frameworks;
			sourceTree = "<group>";
		};
		69A3FDD7219D6B9200B94A50 = {
			isa = PBXGroup;
			children = (
				69A3FDE2219D6B9200B94A50 /* PhotoShare */,
				69A3FDF7219D6BA200B94A50 /* PhotoShareTests */,
				69A3FDE1219D6B9200B94A50 /* Products */,
				AFA1702F0DEB81316EC7516A /* Pods */,
				18FC4004BC4BB01F3C8D331B /* Frameworks */,
			);
			sourceTree = "<group>";
		};
		69A3FDE1219D6B9200B94A50 /* Products */ = {
			isa = PBXGroup;
			children = (
				69A3FDE0219D6B9200B94A50 /* PhotoShare.app */,
				69A3FDF4219D6BA200B94A50 /* PhotoShareTests.xctest */,
			);
			name = Products;
			sourceTree = "<group>";
		};
		69A3FDE2219D6B9200B94A50 /* PhotoShare */ = {
			isa = PBXGroup;
			children = (
				69A3FDE3219D6B9200B94A50 /* AppDelegate.swift */,
				69A3FDE5219D6B9200B94A50 /* ViewController.swift */,
				69A3FDE7219D6B9200B94A50 /* Main.storyboard */,
				69A3FDEA219D6BA100B94A50 /* Assets.xcassets */,
				69A3FDEC219D6BA100B94A50 /* LaunchScreen.storyboard */,
				69A3FDEF219D6BA100B94A50 /* Info.plist */,
				69A3FE03219D6DD900B94A50 /* GoogleService-Info.plist */,
			);
			path = PhotoShare;
			sourceTree = "<group>";
		};
		69A3FDF7219D6BA200B94A50 /* PhotoShareTests */ = {
			isa = PBXGroup;
			children = (
				69A3FDF8219D6BA200B94A50 /* PhotoShareTests.swift */,
				69A3FDFA219D6BA200B94A50 /* Info.plist */,
			);
			path = PhotoShareTests;
			sourceTree = "<group>";
		};
		AFA1702F0DEB81316EC7516A /* Pods */ = {
			isa = PBXGroup;
			children = (
				C3280EADBAE309EE8B60AB0B /* Pods-PhotoShare.debug.xcconfig */,
				64082A9F3D879DB4D47E9790 /* Pods-PhotoShare.release.xcconfig */,
				601EF5E568CB7A4E4E5A049E /* Pods-PhotoShareTests.debug.xcconfig */,
				A5EB3ECA3DDFBF92B7F4F1B5 /* Pods-PhotoShareTests.release.xcconfig */,
			);
			name = Pods;
			sourceTree = "<group>";
		};
/* End PBXGroup section */

/* Begin PBXNativeTarget section */
		69A3FDDF219D6B9200B94A50 /* PhotoShare */ = {
			isa = PBXNativeTarget;
			buildConfigurationList = 69A3FDFD219D6BA200B94A50 /* Build configuration list for PBXNativeTarget "PhotoShare" */;
			buildPhases = (
				B7D8AEAE575868F0E3F0EF07 /* [CP] Check Pods Manifest.lock */,
				69A3FDDC219D6B9200B94A50 /* Sources */,
				69A3FDDD219D6B9200B94A50 /* Frameworks */,
				69A3FDDE219D6B9200B94A50 /* Resources */,
				5890FBA7A64CE55386B2501C /* [CP] Embed Pods Frameworks */,
			);
			buildRules = (
			);
			dependencies = (
			);
			name = PhotoShare;
			productName = PhotoShare;
			productReference = 69A3FDE0219D6B9200B94A50 /* PhotoShare.app */;
			productType = "com.apple.product-type.application";
		};
		69A3FDF3219D6BA200B94A50 /* PhotoShareTests */ = {
			isa = PBXNativeTarget;
			buildConfigurationList = 69A3FE00219D6BA200B94A50 /* Build configuration list for PBXNativeTarget "PhotoShareTests" */;
			buildPhases = (
				FACD24D58AF72A483B635909 /* [CP] Check Pods Manifest.lock */,
				69A3FDF0219D6BA200B94A50 /* Sources */,
				69A3FDF1219D6BA200B94A50 /* Frameworks */,
				69A3FDF2219D6BA200B94A50 /* Resources */,
			);
			buildRules = (
			);
			dependencies = (
				69A3FDF6219D6BA200B94A50 /* PBXTargetDependency */,
			);
			name = PhotoShareTests;
			productName = PhotoShareTests;
			productReference = 69A3FDF4219D6BA200B94A50 /* PhotoShareTests.xctest */;
			productType = "com.apple.product-type.bundle.unit-test";
		};
/* End PBXNativeTarget section */

/* Begin PBXProject section */
		69A3FDD8219D6B9200B94A50 /* Project object */ = {
			isa = PBXProject;
			attributes = {
				LastSwiftUpdateCheck = 1000;
				LastUpgradeCheck = 1000;
				ORGANIZATIONNAME = "Md. Shahadet Hossain";
				TargetAttributes = {
					69A3FDDF219D6B9200B94A50 = {
						CreatedOnToolsVersion = 10.0;
					};
					69A3FDF3219D6BA200B94A50 = {
						CreatedOnToolsVersion = 10.0;
						TestTargetID = 69A3FDDF219D6B9200B94A50;
					};
				};
			};
			buildConfigurationList = 69A3FDDB219D6B9200B94A50 /* Build configuration list for PBXProject "PhotoShare" */;
			compatibilityVersion = "Xcode 9.3";
			developmentRegion = en;
			hasScannedForEncodings = 0;
			knownRegions = (
				en,
				Base,
			);
			mainGroup = 69A3FDD7219D6B9200B94A50;
			productRefGroup = 69A3FDE1219D6B9200B94A50 /* Products */;
			projectDirPath = "";
			projectRoot = "";
			targets = (
				69A3FDDF219D6B9200B94A50 /* PhotoShare */,
				69A3FDF3219D6BA200B94A50 /* PhotoShareTests */,
			);
		};
/* End PBXProject section */

/* Begin PBXResourcesBuildPhase section */
		69A3FDDE219D6B9200B94A50 /* Resources */ = {
			isa = PBXResourcesBuildPhase;
			buildActionMask = 2147483647;
			files = (
				69A3FDEE219D6BA100B94A50 /* LaunchScreen.storyboard in Resources */,
				69A3FE04219D6DD900B94A50 /* GoogleService-Info.plist in Resources */,
				69A3FDEB219D6BA100B94A50 /* Assets.xcassets in Resources */,
				69A3FDE9219D6B9200B94A50 /* Main.storyboard in Resources */,
			);
			runOnlyForDeploymentPostprocessing = 0;
		};
		69A3FDF2219D6BA200B94A50 /* Resources */ = {
			isa = PBXResourcesBuildPhase;
			buildActionMask = 2147483647;
			files = (
			);
			runOnlyForDeploymentPostprocessing = 0;
		};
/* End PBXResourcesBuildPhase section */

/* Begin PBXShellScriptBuildPhase section */
		5890FBA7A64CE55386B2501C /* [CP] Embed Pods Frameworks */ = {
			isa = PBXShellScriptBuildPhase;
			buildActionMask = 2147483647;
			files = (
			);
			inputFileListPaths = (
			);
			inputPaths = (
				"${SRCROOT}/Pods/Target Support Files/Pods-PhotoShare/Pods-PhotoShare-frameworks.sh",
				"${BUILT_PRODUCTS_DIR}/GTMSessionFetcher/GTMSessionFetcher.framework",
				"${BUILT_PRODUCTS_DIR}/GoogleUtilities/GoogleUtilities.framework",
				"${BUILT_PRODUCTS_DIR}/leveldb-library/leveldb.framework",
				"${BUILT_PRODUCTS_DIR}/nanopb/nanopb.framework",
			);
			name = "[CP] Embed Pods Frameworks";
			outputFileListPaths = (
			);
			outputPaths = (
				"${TARGET_BUILD_DIR}/${FRAMEWORKS_FOLDER_PATH}/GTMSessionFetcher.framework",
				"${TARGET_BUILD_DIR}/${FRAMEWORKS_FOLDER_PATH}/GoogleUtilities.framework",
				"${TARGET_BUILD_DIR}/${FRAMEWORKS_FOLDER_PATH}/leveldb.framework",
				"${TARGET_BUILD_DIR}/${FRAMEWORKS_FOLDER_PATH}/nanopb.framework",
			);
			runOnlyForDeploymentPostprocessing = 0;
			shellPath = /bin/sh;
			shellScript = "\"${SRCROOT}/Pods/Target Support Files/Pods-PhotoShare/Pods-PhotoShare-frameworks.sh\"\n";
			showEnvVarsInLog = 0;
		};
		B7D8AEAE575868F0E3F0EF07 /* [CP] Check Pods Manifest.lock */ = {
			isa = PBXShellScriptBuildPhase;
			buildActionMask = 2147483647;
			files = (
			);
			inputFileListPaths = (
			);
			inputPaths = (
				"${PODS_PODFILE_DIR_PATH}/Podfile.lock",
				"${PODS_ROOT}/Manifest.lock",
			);
			name = "[CP] Check Pods Manifest.lock";
			outputFileListPaths = (
			);
			outputPaths = (
				"$(DERIVED_FILE_DIR)/Pods-PhotoShare-checkManifestLockResult.txt",
			);
			runOnlyForDeploymentPostprocessing = 0;
			shellPath = /bin/sh;
			shellScript = "diff \"${PODS_PODFILE_DIR_PATH}/Podfile.lock\" \"${PODS_ROOT}/Manifest.lock\" > /dev/null\nif [ $? != 0 ] ; then\n    # print error to STDERR\n    echo \"error: The sandbox is not in sync with the Podfile.lock. Run 'pod install' or update your CocoaPods installation.\" >&2\n    exit 1\nfi\n# This output is used by Xcode 'outputs' to avoid re-running this script phase.\necho \"SUCCESS\" > \"${SCRIPT_OUTPUT_FILE_0}\"\n";
			showEnvVarsInLog = 0;
		};
		FACD24D58AF72A483B635909 /* [CP] Check Pods Manifest.lock */ = {
			isa = PBXShellScriptBuildPhase;
			buildActionMask = 2147483647;
			files = (
			);
			inputFileListPaths = (
			);
			inputPaths = (
				"${PODS_PODFILE_DIR_PATH}/Podfile.lock",
				"${PODS_ROOT}/Manifest.lock",
			);
			name = "[CP] Check Pods Manifest.lock";
			outputFileListPaths = (
			);
			outputPaths = (
				"$(DERIVED_FILE_DIR)/Pods-PhotoShareTests-checkManifestLockResult.txt",
			);
			runOnlyForDeploymentPostprocessing = 0;
			shellPath = /bin/sh;
			shellScript = "diff \"${PODS_PODFILE_DIR_PATH}/Podfile.lock\" \"${PODS_ROOT}/Manifest.lock\" > /dev/null\nif [ $? != 0 ] ; then\n    # print error to STDERR\n    echo \"error: The sandbox is not in sync with the Podfile.lock. Run 'pod install' or update your CocoaPods installation.\" >&2\n    exit 1\nfi\n# This output is used by Xcode 'outputs' to avoid re-running this script phase.\necho \"SUCCESS\" > \"${SCRIPT_OUTPUT_FILE_0}\"\n";
			showEnvVarsInLog = 0;
		};
/* End PBXShellScriptBuildPhase section */

/* Begin PBXSourcesBuildPhase section */
		69A3FDDC219D6B9200B94A50 /* Sources */ = {
			isa = PBXSourcesBuildPhase;
			buildActionMask = 2147483647;
			files = (
				69A3FDE6219D6B9200B94A50 /* ViewController.swift in Sources */,
				69A3FDE4219D6B9200B94A50 /* AppDelegate.swift in Sources */,
			);
			runOnlyForDeploymentPostprocessing = 0;
		};
		69A3FDF0219D6BA200B94A50 /* Sources */ = {
			isa = PBXSourcesBuildPhase;
			buildActionMask = 2147483647;
			files = (
				69A3FDF9219D6BA200B94A50 /* PhotoShareTests.swift in Sources */,
			);
			runOnlyForDeploymentPostprocessing = 0;
		};
/* End PBXSourcesBuildPhase section */

/* Begin PBXTargetDependency section */
		69A3FDF6219D6BA200B94A50 /* PBXTargetDependency */ = {
			isa = PBXTargetDependency;
			target = 69A3FDDF219D6B9200B94A50 /* PhotoShare */;
			targetProxy = 69A3FDF5219D6BA200B94A50 /* PBXContainerItemProxy */;
		};
/* End PBXTargetDependency section */

/* Begin PBXVariantGroup section */
		69A3FDE7219D6B9200B94A50 /* Main.storyboard */ = {
			isa = PBXVariantGroup;
			children = (
				69A3FDE8219D6B9200B94A50 /* Base */,
			);
			name = Main.storyboard;
			sourceTree = "<group>";
		};
		69A3FDEC219D6BA100B94A50 /* LaunchScreen.storyboard */ = {
			isa = PBXVariantGroup;
			children = (
				69A3FDED219D6BA100B94A50 /* Base */,
			);
			name = LaunchScreen.storyboard;
			sourceTree = "<group>";
		};
/* End PBXVariantGroup section */

/* Begin XCBuildConfiguration section */
		69A3FDFB219D6BA200B94A50 /* Debug */ = {
			isa = XCBuildConfiguration;
			buildSettings = {
				ALWAYS_SEARCH_USER_PATHS = NO;
				CLANG_ANALYZER_NONNULL = YES;
				CLANG_ANALYZER_NUMBER_OBJECT_CONVERSION = YES_AGGRESSIVE;
				CLANG_CXX_LANGUAGE_STANDARD = "gnu++14";
				CLANG_CXX_LIBRARY = "libc++";
				CLANG_ENABLE_MODULES = YES;
				CLANG_ENABLE_OBJC_ARC = YES;
				CLANG_ENABLE_OBJC_WEAK = YES;
				CLANG_WARN_BLOCK_CAPTURE_AUTORELEASING = YES;
				CLANG_WARN_BOOL_CONVERSION = YES;
				CLANG_WARN_COMMA = YES;
				CLANG_WARN_CONSTANT_CONVERSION = YES;
				CLANG_WARN_DEPRECATED_OBJC_IMPLEMENTATIONS = YES;
				CLANG_WARN_DIRECT_OBJC_ISA_USAGE = YES_ERROR;
				CLANG_WARN_DOCUMENTATION_COMMENTS = YES;
				CLANG_WARN_EMPTY_BODY = YES;
				CLANG_WARN_ENUM_CONVERSION = YES;
				CLANG_WARN_INFINITE_RECURSION = YES;
				CLANG_WARN_INT_CONVERSION = YES;
				CLANG_WARN_NON_LITERAL_NULL_CONVERSION = YES;
				CLANG_WARN_OBJC_IMPLICIT_RETAIN_SELF = YES;
				CLANG_WARN_OBJC_LITERAL_CONVERSION = YES;
				CLANG_WARN_OBJC_ROOT_CLASS = YES_ERROR;
				CLANG_WARN_RANGE_LOOP_ANALYSIS = YES;
				CLANG_WARN_STRICT_PROTOTYPES = YES;
				CLANG_WARN_SUSPICIOUS_MOVE = YES;
				CLANG_WARN_UNGUARDED_AVAILABILITY = YES_AGGRESSIVE;
				CLANG_WARN_UNREACHABLE_CODE = YES;
				CLANG_WARN__DUPLICATE_METHOD_MATCH = YES;
				CODE_SIGN_IDENTITY = "iPhone Developer";
				COPY_PHASE_STRIP = NO;
				DEBUG_INFORMATION_FORMAT = dwarf;
				ENABLE_STRICT_OBJC_MSGSEND = YES;
				ENABLE_TESTABILITY = YES;
				GCC_C_LANGUAGE_STANDARD = gnu11;
				GCC_DYNAMIC_NO_PIC = NO;
				GCC_NO_COMMON_BLOCKS = YES;
				GCC_OPTIMIZATION_LEVEL = 0;
				GCC_PREPROCESSOR_DEFINITIONS = (
					"DEBUG=1",
					"$(inherited)",
				);
				GCC_WARN_64_TO_32_BIT_CONVERSION = YES;
				GCC_WARN_ABOUT_RETURN_TYPE = YES_ERROR;
				GCC_WARN_UNDECLARED_SELECTOR = YES;
				GCC_WARN_UNINITIALIZED_AUTOS = YES_AGGRESSIVE;
				GCC_WARN_UNUSED_FUNCTION = YES;
				GCC_WARN_UNUSED_VARIABLE = YES;
				IPHONEOS_DEPLOYMENT_TARGET = 12.0;
				MTL_ENABLE_DEBUG_INFO = INCLUDE_SOURCE;
				MTL_FAST_MATH = YES;
				ONLY_ACTIVE_ARCH = YES;
				SDKROOT = iphoneos;
				SWIFT_ACTIVE_COMPILATION_CONDITIONS = DEBUG;
				SWIFT_OPTIMIZATION_LEVEL = "-Onone";
			};
			name = Debug;
		};
		69A3FDFC219D6BA200B94A50 /* Release */ = {
			isa = XCBuildConfiguration;
			buildSettings = {
				ALWAYS_SEARCH_USER_PATHS = NO;
				CLANG_ANALYZER_NONNULL = YES;
				CLANG_ANALYZER_NUMBER_OBJECT_CONVERSION = YES_AGGRESSIVE;
				CLANG_CXX_LANGUAGE_STANDARD = "gnu++14";
				CLANG_CXX_LIBRARY = "libc++";
				CLANG_ENABLE_MODULES = YES;
				CLANG_ENABLE_OBJC_ARC = YES;
				CLANG_ENABLE_OBJC_WEAK = YES;
				CLANG_WARN_BLOCK_CAPTURE_AUTORELEASING = YES;
				CLANG_WARN_BOOL_CONVERSION = YES;
				CLANG_WARN_COMMA = YES;
				CLANG_WARN_CONSTANT_CONVERSION = YES;
				CLANG_WARN_DEPRECATED_OBJC_IMPLEMENTATIONS = YES;
				CLANG_WARN_DIRECT_OBJC_ISA_USAGE = YES_ERROR;
				CLANG_WARN_DOCUMENTATION_COMMENTS = YES;
				CLANG_WARN_EMPTY_BODY = YES;
				CLANG_WARN_ENUM_CONVERSION = YES;
				CLANG_WARN_INFINITE_RECURSION = YES;
				CLANG_WARN_INT_CONVERSION = YES;
				CLANG_WARN_NON_LITERAL_NULL_CONVERSION = YES;
				CLANG_WARN_OBJC_IMPLICIT_RETAIN_SELF = YES;
				CLANG_WARN_OBJC_LITERAL_CONVERSION = YES;
				CLANG_WARN_OBJC_ROOT_CLASS = YES_ERROR;
				CLANG_WARN_RANGE_LOOP_ANALYSIS = YES;
				CLANG_WARN_STRICT_PROTOTYPES = YES;
				CLANG_WARN_SUSPICIOUS_MOVE = YES;
				CLANG_WARN_UNGUARDED_AVAILABILITY = YES_AGGRESSIVE;
				CLANG_WARN_UNREACHABLE_CODE = YES;
				CLANG_WARN__DUPLICATE_METHOD_MATCH = YES;
				CODE_SIGN_IDENTITY = "iPhone Developer";
				COPY_PHASE_STRIP = NO;
				DEBUG_INFORMATION_FORMAT = "dwarf-with-dsym";
				ENABLE_NS_ASSERTIONS = NO;
				ENABLE_STRICT_OBJC_MSGSEND = YES;
				GCC_C_LANGUAGE_STANDARD = gnu11;
				GCC_NO_COMMON_BLOCKS = YES;
				GCC_WARN_64_TO_32_BIT_CONVERSION = YES;
				GCC_WARN_ABOUT_RETURN_TYPE = YES_ERROR;
				GCC_WARN_UNDECLARED_SELECTOR = YES;
				GCC_WARN_UNINITIALIZED_AUTOS = YES_AGGRESSIVE;
				GCC_WARN_UNUSED_FUNCTION = YES;
				GCC_WARN_UNUSED_VARIABLE = YES;
				IPHONEOS_DEPLOYMENT_TARGET = 12.0;
				MTL_ENABLE_DEBUG_INFO = NO;
				MTL_FAST_MATH = YES;
				SDKROOT = iphoneos;
				SWIFT_COMPILATION_MODE = wholemodule;
				SWIFT_OPTIMIZATION_LEVEL = "-O";
				VALIDATE_PRODUCT = YES;
			};
			name = Release;
		};
		69A3FDFE219D6BA200B94A50 /* Debug */ = {
			isa = XCBuildConfiguration;
			baseConfigurationReference = C3280EADBAE309EE8B60AB0B /* Pods-PhotoShare.debug.xcconfig */;
			buildSettings = {
				ASSETCATALOG_COMPILER_APPICON_NAME = AppIcon;
				CODE_SIGN_STYLE = Automatic;
				DEVELOPMENT_TEAM = 6X5B26J782;
				INFOPLIST_FILE = PhotoShare/Info.plist;
				LD_RUNPATH_SEARCH_PATHS = (
					"$(inherited)",
					"@executable_path/Frameworks",
				);
				PRODUCT_BUNDLE_IDENTIFIER = com.dsi.PhotoShare;
				PRODUCT_NAME = "$(TARGET_NAME)";
				SWIFT_VERSION = 4.2;
				TARGETED_DEVICE_FAMILY = "1,2";
			};
			name = Debug;
		};
		69A3FDFF219D6BA200B94A50 /* Release */ = {
			isa = XCBuildConfiguration;
			baseConfigurationReference = 64082A9F3D879DB4D47E9790 /* Pods-PhotoShare.release.xcconfig */;
			buildSettings = {
				ASSETCATALOG_COMPILER_APPICON_NAME = AppIcon;
				CODE_SIGN_STYLE = Automatic;
				DEVELOPMENT_TEAM = 6X5B26J782;
				INFOPLIST_FILE = PhotoShare/Info.plist;
				LD_RUNPATH_SEARCH_PATHS = (
					"$(inherited)",
					"@executable_path/Frameworks",
				);
				PRODUCT_BUNDLE_IDENTIFIER = com.dsi.PhotoShare;
				PRODUCT_NAME = "$(TARGET_NAME)";
				SWIFT_VERSION = 4.2;
				TARGETED_DEVICE_FAMILY = "1,2";
			};
			name = Release;
		};
		69A3FE01219D6BA200B94A50 /* Debug */ = {
			isa = XCBuildConfiguration;
			baseConfigurationReference = 601EF5E568CB7A4E4E5A049E /* Pods-PhotoShareTests.debug.xcconfig */;
			buildSettings = {
				ALWAYS_EMBED_SWIFT_STANDARD_LIBRARIES = YES;
				BUNDLE_LOADER = "$(TEST_HOST)";
				CODE_SIGN_STYLE = Automatic;
				DEVELOPMENT_TEAM = 6X5B26J782;
				INFOPLIST_FILE = PhotoShareTests/Info.plist;
				LD_RUNPATH_SEARCH_PATHS = (
					"$(inherited)",
					"@executable_path/Frameworks",
					"@loader_path/Frameworks",
				);
				PRODUCT_BUNDLE_IDENTIFIER = com.dsi.PhotoShareTests;
				PRODUCT_NAME = "$(TARGET_NAME)";
				SWIFT_VERSION = 4.2;
				TARGETED_DEVICE_FAMILY = "1,2";
				TEST_HOST = "$(BUILT_PRODUCTS_DIR)/PhotoShare.app/PhotoShare";
			};
			name = Debug;
		};
		69A3FE02219D6BA200B94A50 /* Release */ = {
			isa = XCBuildConfiguration;
			baseConfigurationReference = A5EB3ECA3DDFBF92B7F4F1B5 /* Pods-PhotoShareTests.release.xcconfig */;
			buildSettings = {
				ALWAYS_EMBED_SWIFT_STANDARD_LIBRARIES = YES;
				BUNDLE_LOADER = "$(TEST_HOST)";
				CODE_SIGN_STYLE = Automatic;
				DEVELOPMENT_TEAM = 6X5B26J782;
				INFOPLIST_FILE = PhotoShareTests/Info.plist;
				LD_RUNPATH_SEARCH_PATHS = (
					"$(inherited)",
					"@executable_path/Frameworks",
					"@loader_path/Frameworks",
				);
				PRODUCT_BUNDLE_IDENTIFIER = com.dsi.PhotoShareTests;
				PRODUCT_NAME = "$(TARGET_NAME)";
				SWIFT_VERSION = 4.2;
				TARGETED_DEVICE_FAMILY = "1,2";
				TEST_HOST = "$(BUILT_PRODUCTS_DIR)/PhotoShare.app/PhotoShare";
			};
			name = Release;
		};
/* End XCBuildConfiguration section */

/* Begin XCConfigurationList section */
		69A3FDDB219D6B9200B94A50 /* Build configuration list for PBXProject "PhotoShare" */ = {
			isa = XCConfigurationList;
			buildConfigurations = (
				69A3FDFB219D6BA200B94A50 /* Debug */,
				69A3FDFC219D6BA200B94A50 /* Release */,
			);
			defaultConfigurationIsVisible = 0;
			defaultConfigurationName = Release;
		};
		69A3FDFD219D6BA200B94A50 /* Build configuration list for PBXNativeTarget "PhotoShare" */ = {
			isa = XCConfigurationList;
			buildConfigurations = (
				69A3FDFE219D6BA200B94A50 /* Debug */,
				69A3FDFF219D6BA200B94A50 /* Release */,
			);
			defaultConfigurationIsVisible = 0;
			defaultConfigurationName = Release;
		};
		69A3FE00219D6BA200B94A50 /* Build configuration list for PBXNativeTarget "PhotoShareTests" */ = {
			isa = XCConfigurationList;
			buildConfigurations = (
				69A3FE01219D6BA200B94A50 /* Debug */,
				69A3FE02219D6BA200B94A50 /* Release */,
			);
			defaultConfigurationIsVisible = 0;
			defaultConfigurationName = Release;
		};
/* End XCConfigurationList section */
	};
	rootObject = 69A3FDD8219D6B9200B94A50 /* Project object */;
}
